// !$*UTF8*$!
{
	archiveVersion = 1;
	classes = {
	};
	objectVersion = 46;
	objects = {

/* Begin PBXBuildFile section */
		D85416671D825B250063DBAC /* NTKit.framework in Frameworks */ = {isa = PBXBuildFile; fileRef = D85416641D8259B10063DBAC /* NTKit.framework */; };
		D85416681D825B250063DBAC /* NTKit.framework in Embed Frameworks */ = {isa = PBXBuildFile; fileRef = D85416641D8259B10063DBAC /* NTKit.framework */; settings = {ATTRIBUTES = (CodeSignOnCopy, RemoveHeadersOnCopy, ); }; };
		D87593BE1C7C25D500918AB4 /* Assets.xcassets in Resources */ = {isa = PBXBuildFile; fileRef = D87593BD1C7C25D500918AB4 /* Assets.xcassets */; };
		D87593DF1C87F05B00918AB4 /* AppDelegate.swift in Sources */ = {isa = PBXBuildFile; fileRef = D87593B61C7C25D500918AB4 /* AppDelegate.swift */; };
		D87593E01C87F05B00918AB4 /* TileDemoViewController.swift in Sources */ = {isa = PBXBuildFile; fileRef = D87593B81C7C25D500918AB4 /* TileDemoViewController.swift */; };
		D87593E71C87F08200918AB4 /* Main.storyboard in Resources */ = {isa = PBXBuildFile; fileRef = D87593BA1C7C25D500918AB4 /* Main.storyboard */; };
		D87593E81C87F08200918AB4 /* LaunchScreen.storyboard in Resources */ = {isa = PBXBuildFile; fileRef = D87593BF1C7C25D500918AB4 /* LaunchScreen.storyboard */; };
		D8CC0E391CA3780B00C99D34 /* NTImageViewDemoTile.swift in Sources */ = {isa = PBXBuildFile; fileRef = D8CC0E381CA3780B00C99D34 /* NTImageViewDemoTile.swift */; };
		D8CC0E3B1CA3781900C99D34 /* NTImageViewDemoTile.xib in Resources */ = {isa = PBXBuildFile; fileRef = D8CC0E3A1CA3781900C99D34 /* NTImageViewDemoTile.xib */; };
		D8F506B21CF1EEE400B90A2B /* MainViewController.swift in Sources */ = {isa = PBXBuildFile; fileRef = D8F506B11CF1EEE400B90A2B /* MainViewController.swift */; };
		D8F506B51CF1F34900B90A2B /* ImageDemoViewController.swift in Sources */ = {isa = PBXBuildFile; fileRef = D8F506B41CF1F34900B90A2B /* ImageDemoViewController.swift */; };
		D8F506B71CF1F49100B90A2B /* ImageViewWithEffectsDemoViewController.swift in Sources */ = {isa = PBXBuildFile; fileRef = D8F506B61CF1F49100B90A2B /* ImageViewWithEffectsDemoViewController.swift */; };
		D8F506B91CF1F63900B90A2B /* CropDemoViewController.swift in Sources */ = {isa = PBXBuildFile; fileRef = D8F506B81CF1F63900B90A2B /* CropDemoViewController.swift */; };
/* End PBXBuildFile section */

/* Begin PBXCopyFilesBuildPhase section */
		D81F9A371D82594800FAFC11 /* Embed Frameworks */ = {
			isa = PBXCopyFilesBuildPhase;
			buildActionMask = 2147483647;
			dstPath = "";
			dstSubfolderSpec = 10;
			files = (
				D85416681D825B250063DBAC /* NTKit.framework in Embed Frameworks */,
			);
			name = "Embed Frameworks";
			runOnlyForDeploymentPostprocessing = 0;
		};
/* End PBXCopyFilesBuildPhase section */

/* Begin PBXFileReference section */
		D85416641D8259B10063DBAC /* NTKit.framework */ = {isa = PBXFileReference; explicitFileType = wrapper.framework; path = NTKit.framework; sourceTree = BUILT_PRODUCTS_DIR; };
		D87593B41C7C25D500918AB4 /* NTKitDemo.app */ = {isa = PBXFileReference; explicitFileType = wrapper.application; includeInIndex = 0; path = NTKitDemo.app; sourceTree = BUILT_PRODUCTS_DIR; };
		D87593B61C7C25D500918AB4 /* AppDelegate.swift */ = {isa = PBXFileReference; lastKnownFileType = sourcecode.swift; path = AppDelegate.swift; sourceTree = "<group>"; };
		D87593B81C7C25D500918AB4 /* TileDemoViewController.swift */ = {isa = PBXFileReference; lastKnownFileType = sourcecode.swift; path = TileDemoViewController.swift; sourceTree = "<group>"; };
		D87593BB1C7C25D500918AB4 /* Base */ = {isa = PBXFileReference; lastKnownFileType = file.storyboard; name = Base; path = Base.lproj/Main.storyboard; sourceTree = "<group>"; };
		D87593BD1C7C25D500918AB4 /* Assets.xcassets */ = {isa = PBXFileReference; lastKnownFileType = folder.assetcatalog; path = Assets.xcassets; sourceTree = "<group>"; };
		D87593C01C7C25D500918AB4 /* Base */ = {isa = PBXFileReference; lastKnownFileType = file.storyboard; name = Base; path = Base.lproj/LaunchScreen.storyboard; sourceTree = "<group>"; };
		D87593C21C7C25D500918AB4 /* Info.plist */ = {isa = PBXFileReference; lastKnownFileType = text.plist.xml; path = Info.plist; sourceTree = "<group>"; };
		D8CC0E381CA3780B00C99D34 /* NTImageViewDemoTile.swift */ = {isa = PBXFileReference; fileEncoding = 4; lastKnownFileType = sourcecode.swift; path = NTImageViewDemoTile.swift; sourceTree = "<group>"; };
		D8CC0E3A1CA3781900C99D34 /* NTImageViewDemoTile.xib */ = {isa = PBXFileReference; fileEncoding = 4; lastKnownFileType = file.xib; path = NTImageViewDemoTile.xib; sourceTree = "<group>"; };
		D8F506B11CF1EEE400B90A2B /* MainViewController.swift */ = {isa = PBXFileReference; fileEncoding = 4; lastKnownFileType = sourcecode.swift; path = MainViewController.swift; sourceTree = "<group>"; };
		D8F506B41CF1F34900B90A2B /* ImageDemoViewController.swift */ = {isa = PBXFileReference; fileEncoding = 4; lastKnownFileType = sourcecode.swift; path = ImageDemoViewController.swift; sourceTree = "<group>"; };
		D8F506B61CF1F49100B90A2B /* ImageViewWithEffectsDemoViewController.swift */ = {isa = PBXFileReference; fileEncoding = 4; lastKnownFileType = sourcecode.swift; path = ImageViewWithEffectsDemoViewController.swift; sourceTree = "<group>"; };
		D8F506B81CF1F63900B90A2B /* CropDemoViewController.swift */ = {isa = PBXFileReference; fileEncoding = 4; lastKnownFileType = sourcecode.swift; path = CropDemoViewController.swift; sourceTree = "<group>"; };
/* End PBXFileReference section */

/* Begin PBXFrameworksBuildPhase section */
		D87593B11C7C25D500918AB4 /* Frameworks */ = {
			isa = PBXFrameworksBuildPhase;
			buildActionMask = 2147483647;
			files = (
				D85416671D825B250063DBAC /* NTKit.framework in Frameworks */,
			);
			runOnlyForDeploymentPostprocessing = 0;
		};
/* End PBXFrameworksBuildPhase section */

/* Begin PBXGroup section */
		D87593B51C7C25D500918AB4 /* NTKitDemo */ = {
			isa = PBXGroup;
			children = (
				D87593B61C7C25D500918AB4 /* AppDelegate.swift */,
				D8CC0E371CA377D900C99D34 /* NTImageView Demo Tile */,
				D8F506B31CF1F32700B90A2B /* Demo View Controllers */,
				D8F506B11CF1EEE400B90A2B /* MainViewController.swift */,
				D87593BA1C7C25D500918AB4 /* Main.storyboard */,
				D87593BD1C7C25D500918AB4 /* Assets.xcassets */,
				D87593BF1C7C25D500918AB4 /* LaunchScreen.storyboard */,
				D87593C21C7C25D500918AB4 /* Info.plist */,
			);
			path = NTKitDemo;
			sourceTree = "<group>";
		};
		D8CC0E371CA377D900C99D34 /* NTImageView Demo Tile */ = {
			isa = PBXGroup;
			children = (
				D8CC0E381CA3780B00C99D34 /* NTImageViewDemoTile.swift */,
				D8CC0E3A1CA3781900C99D34 /* NTImageViewDemoTile.xib */,
			);
			name = "NTImageView Demo Tile";
			sourceTree = "<group>";
		};
		D8DFD6451C76AEC70028B8A5 = {
			isa = PBXGroup;
			children = (
				D85416641D8259B10063DBAC /* NTKit.framework */,
				D87593B51C7C25D500918AB4 /* NTKitDemo */,
				D8DFD64F1C76AEC70028B8A5 /* Products */,
			);
			sourceTree = "<group>";
		};
		D8DFD64F1C76AEC70028B8A5 /* Products */ = {
			isa = PBXGroup;
			children = (
				D87593B41C7C25D500918AB4 /* NTKitDemo.app */,
			);
			name = Products;
			sourceTree = "<group>";
		};
		D8F506B31CF1F32700B90A2B /* Demo View Controllers */ = {
			isa = PBXGroup;
			children = (
				D87593B81C7C25D500918AB4 /* TileDemoViewController.swift */,
				D8F506B41CF1F34900B90A2B /* ImageDemoViewController.swift */,
				D8F506B61CF1F49100B90A2B /* ImageViewWithEffectsDemoViewController.swift */,
				D8F506B81CF1F63900B90A2B /* CropDemoViewController.swift */,
			);
			name = "Demo View Controllers";
			sourceTree = "<group>";
		};
/* End PBXGroup section */

/* Begin PBXNativeTarget section */
		D87593B31C7C25D500918AB4 /* NTKitDemo */ = {
			isa = PBXNativeTarget;
			buildConfigurationList = D87593C31C7C25D600918AB4 /* Build configuration list for PBXNativeTarget "NTKitDemo" */;
			buildPhases = (
				D87593B01C7C25D500918AB4 /* Sources */,
				D87593B11C7C25D500918AB4 /* Frameworks */,
				D87593B21C7C25D500918AB4 /* Resources */,
				D85CD2E41CB5C41700DB30D9 /* Additional Warnings */,
				D81F9A371D82594800FAFC11 /* Embed Frameworks */,
			);
			buildRules = (
			);
			dependencies = (
			);
			name = NTKitDemo;
			productName = NTTileViewDemo;
			productReference = D87593B41C7C25D500918AB4 /* NTKitDemo.app */;
			productType = "com.apple.product-type.application";
		};
/* End PBXNativeTarget section */

/* Begin PBXProject section */
		D8DFD6461C76AEC70028B8A5 /* Project object */ = {
			isa = PBXProject;
			attributes = {
				LastSwiftUpdateCheck = 0720;
				LastUpgradeCheck = 0720;
				ORGANIZATIONNAME = "Nathan Tornquist";
				TargetAttributes = {
					D87593B31C7C25D500918AB4 = {
						CreatedOnToolsVersion = 7.2.1;
						DevelopmentTeam = 99AECXNBFU;
						LastSwiftMigration = 0800;
					};
				};
			};
			buildConfigurationList = D8DFD6491C76AEC70028B8A5 /* Build configuration list for PBXProject "NTKitDemo" */;
			compatibilityVersion = "Xcode 3.2";
			developmentRegion = English;
			hasScannedForEncodings = 0;
			knownRegions = (
				en,
				Base,
			);
			mainGroup = D8DFD6451C76AEC70028B8A5;
			productRefGroup = D8DFD64F1C76AEC70028B8A5 /* Products */;
			projectDirPath = "";
			projectRoot = "";
			targets = (
				D87593B31C7C25D500918AB4 /* NTKitDemo */,
			);
		};
/* End PBXProject section */

/* Begin PBXResourcesBuildPhase section */
		D87593B21C7C25D500918AB4 /* Resources */ = {
			isa = PBXResourcesBuildPhase;
			buildActionMask = 2147483647;
			files = (
				D87593E81C87F08200918AB4 /* LaunchScreen.storyboard in Resources */,
				D87593BE1C7C25D500918AB4 /* Assets.xcassets in Resources */,
				D87593E71C87F08200918AB4 /* Main.storyboard in Resources */,
				D8CC0E3B1CA3781900C99D34 /* NTImageViewDemoTile.xib in Resources */,
			);
			runOnlyForDeploymentPostprocessing = 0;
		};
/* End PBXResourcesBuildPhase section */

/* Begin PBXShellScriptBuildPhase section */
		D85CD2E41CB5C41700DB30D9 /* Additional Warnings */ = {
			isa = PBXShellScriptBuildPhase;
			buildActionMask = 2147483647;
			files = (
			);
			inputPaths = (
			);
			name = "Additional Warnings";
			outputPaths = (
			);
			runOnlyForDeploymentPostprocessing = 0;
			shellPath = /bin/sh;
			shellScript = "KEYWORDS=\"TODO:|FIXME:|\\?\\?\\?:|\\!\\!\\!:\"\nfind \"${SRCROOT}\" \\( -name \"*.h\" -or -name \"*.m\" -or -name \"*.swift\" \\) -print0 | xargs -0 egrep --with-filename --line-number --only-matching \"($KEYWORDS).*\\$\" | perl -p -e \"s/($KEYWORDS)/ warning: \\$1/\"";
		};
/* End PBXShellScriptBuildPhase section */

/* Begin PBXSourcesBuildPhase section */
		D87593B01C7C25D500918AB4 /* Sources */ = {
			isa = PBXSourcesBuildPhase;
			buildActionMask = 2147483647;
			files = (
				D8F506B21CF1EEE400B90A2B /* MainViewController.swift in Sources */,
				D8CC0E391CA3780B00C99D34 /* NTImageViewDemoTile.swift in Sources */,
				D8F506B51CF1F34900B90A2B /* ImageDemoViewController.swift in Sources */,
				D87593DF1C87F05B00918AB4 /* AppDelegate.swift in Sources */,
				D8F506B71CF1F49100B90A2B /* ImageViewWithEffectsDemoViewController.swift in Sources */,
				D87593E01C87F05B00918AB4 /* TileDemoViewController.swift in Sources */,
				D8F506B91CF1F63900B90A2B /* CropDemoViewController.swift in Sources */,
			);
			runOnlyForDeploymentPostprocessing = 0;
		};
/* End PBXSourcesBuildPhase section */

/* Begin PBXVariantGroup section */
		D87593BA1C7C25D500918AB4 /* Main.storyboard */ = {
			isa = PBXVariantGroup;
			children = (
				D87593BB1C7C25D500918AB4 /* Base */,
			);
			name = Main.storyboard;
			sourceTree = "<group>";
		};
		D87593BF1C7C25D500918AB4 /* LaunchScreen.storyboard */ = {
			isa = PBXVariantGroup;
			children = (
				D87593C01C7C25D500918AB4 /* Base */,
			);
			name = LaunchScreen.storyboard;
			sourceTree = "<group>";
		};
/* End PBXVariantGroup section */

/* Begin XCBuildConfiguration section */
		D87593C41C7C25D600918AB4 /* Debug */ = {
			isa = XCBuildConfiguration;
			buildSettings = {
				ASSETCATALOG_COMPILER_APPICON_NAME = AppIcon;
				CODE_SIGN_IDENTITY = "iPhone Developer";
				INFOPLIST_FILE = NTKitDemo/Info.plist;
				LD_RUNPATH_SEARCH_PATHS = "$(inherited) @executable_path/Frameworks";
				PRODUCT_BUNDLE_IDENTIFIER = com.nathantornquist.NathanKitDemo;
				PRODUCT_NAME = NTKitDemo;
				SWIFT_VERSION = 3.0;
			};
			name = Debug;
		};
		D87593C51C7C25D600918AB4 /* Release */ = {
			isa = XCBuildConfiguration;
			buildSettings = {
				ASSETCATALOG_COMPILER_APPICON_NAME = AppIcon;
				CODE_SIGN_IDENTITY = "iPhone Developer";
				INFOPLIST_FILE = NTKitDemo/Info.plist;
				LD_RUNPATH_SEARCH_PATHS = "$(inherited) @executable_path/Frameworks";
				PRODUCT_BUNDLE_IDENTIFIER = com.nathantornquist.NathanKitDemo;
				PRODUCT_NAME = NTKitDemo;
				SWIFT_VERSION = 3.0;
			};
			name = Release;
		};
		D8DFD65E1C76AEC70028B8A5 /* Debug */ = {
			isa = XCBuildConfiguration;
			buildSettings = {
				ALWAYS_SEARCH_USER_PATHS = NO;
				CLANG_CXX_LANGUAGE_STANDARD = "gnu++0x";
				CLANG_CXX_LIBRARY = "libc++";
				CLANG_ENABLE_MODULES = YES;
				CLANG_ENABLE_OBJC_ARC = YES;
				CLANG_WARN_BOOL_CONVERSION = YES;
				CLANG_WARN_CONSTANT_CONVERSION = YES;
				CLANG_WARN_DIRECT_OBJC_ISA_USAGE = YES_ERROR;
				CLANG_WARN_EMPTY_BODY = YES;
				CLANG_WARN_ENUM_CONVERSION = YES;
				CLANG_WARN_INT_CONVERSION = YES;
				CLANG_WARN_OBJC_ROOT_CLASS = YES_ERROR;
				CLANG_WARN_UNREACHABLE_CODE = YES;
				CLANG_WARN__DUPLICATE_METHOD_MATCH = YES;
				"CODE_SIGN_IDENTITY[sdk=iphoneos*]" = "iPhone Developer";
				COPY_PHASE_STRIP = NO;
				DEBUG_INFORMATION_FORMAT = dwarf;
				ENABLE_STRICT_OBJC_MSGSEND = YES;
				ENABLE_TESTABILITY = YES;
				GCC_C_LANGUAGE_STANDARD = gnu99;
				GCC_DYNAMIC_NO_PIC = NO;
				GCC_NO_COMMON_BLOCKS = YES;
				GCC_OPTIMIZATION_LEVEL = 0;
				GCC_PREPROCESSOR_DEFINITIONS = (
					"DEBUG=1",
					"$(inherited)",
				);
				GCC_WARN_64_TO_32_BIT_CONVERSION = YES;
				GCC_WARN_ABOUT_RETURN_TYPE = YES_ERROR;
				GCC_WARN_UNDECLARED_SELECTOR = YES;
				GCC_WARN_UNINITIALIZED_AUTOS = YES_AGGRESSIVE;
				GCC_WARN_UNUSED_FUNCTION = YES;
				GCC_WARN_UNUSED_VARIABLE = YES;
				IPHONEOS_DEPLOYMENT_TARGET = 9.2;
				MTL_ENABLE_DEBUG_INFO = YES;
				ONLY_ACTIVE_ARCH = YES;
				SDKROOT = iphoneos;
				SWIFT_OPTIMIZATION_LEVEL = "-Onone";
				TARGETED_DEVICE_FAMILY = "1,2";
			};
			name = Debug;
		};
		D8DFD65F1C76AEC70028B8A5 /* Release */ = {
			isa = XCBuildConfiguration;
			buildSettings = {
				ALWAYS_SEARCH_USER_PATHS = NO;
				CLANG_CXX_LANGUAGE_STANDARD = "gnu++0x";
				CLANG_CXX_LIBRARY = "libc++";
				CLANG_ENABLE_MODULES = YES;
				CLANG_ENABLE_OBJC_ARC = YES;
				CLANG_WARN_BOOL_CONVERSION = YES;
				CLANG_WARN_CONSTANT_CONVERSION = YES;
				CLANG_WARN_DIRECT_OBJC_ISA_USAGE = YES_ERROR;
				CLANG_WARN_EMPTY_BODY = YES;
				CLANG_WARN_ENUM_CONVERSION = YES;
				CLANG_WARN_INT_CONVERSION = YES;
				CLANG_WARN_OBJC_ROOT_CLASS = YES_ERROR;
				CLANG_WARN_UNREACHABLE_CODE = YES;
				CLANG_WARN__DUPLICATE_METHOD_MATCH = YES;
				"CODE_SIGN_IDENTITY[sdk=iphoneos*]" = "iPhone Developer";
				COPY_PHASE_STRIP = NO;
				DEBUG_INFORMATION_FORMAT = "dwarf-with-dsym";
				ENABLE_NS_ASSERTIONS = NO;
				ENABLE_STRICT_OBJC_MSGSEND = YES;
				GCC_C_LANGUAGE_STANDARD = gnu99;
				GCC_NO_COMMON_BLOCKS = YES;
				GCC_WARN_64_TO_32_BIT_CONVERSION = YES;
				GCC_WARN_ABOUT_RETURN_TYPE = YES_ERROR;
				GCC_WARN_UNDECLARED_SELECTOR = YES;
				GCC_WARN_UNINITIALIZED_AUTOS = YES_AGGRESSIVE;
				GCC_WARN_UNUSED_FUNCTION = YES;
				GCC_WARN_UNUSED_VARIABLE = YES;
				IPHONEOS_DEPLOYMENT_TARGET = 9.2;
				MTL_ENABLE_DEBUG_INFO = NO;
				SDKROOT = iphoneos;
				TARGETED_DEVICE_FAMILY = "1,2";
				VALIDATE_PRODUCT = YES;
			};
			name = Release;
		};
/* End XCBuildConfiguration section */

/* Begin XCConfigurationList section */
		D87593C31C7C25D600918AB4 /* Build configuration list for PBXNativeTarget "NTKitDemo" */ = {
			isa = XCConfigurationList;
			buildConfigurations = (
				D87593C41C7C25D600918AB4 /* Debug */,
				D87593C51C7C25D600918AB4 /* Release */,
			);
			defaultConfigurationIsVisible = 0;
			defaultConfigurationName = Release;
		};
		D8DFD6491C76AEC70028B8A5 /* Build configuration list for PBXProject "NTKitDemo" */ = {
			isa = XCConfigurationList;
			buildConfigurations = (
				D8DFD65E1C76AEC70028B8A5 /* Debug */,
				D8DFD65F1C76AEC70028B8A5 /* Release */,
			);
			defaultConfigurationIsVisible = 0;
			defaultConfigurationName = Release;
		};
/* End XCConfigurationList section */
	};
	rootObject = D8DFD6461C76AEC70028B8A5 /* Project object */;
}
